
Microsoft Visual Studio Solution File, Format Version 12.00
# Visual Studio 2012
VisualStudioVersion = 14.0.25123.0
MinimumVisualStudioVersion = 10.0.40219.1
Project("{FAE04EC0-301F-11D3-BF4B-00C04F79EFBC}") = "EtoWpfBubblingTest", "EtoWpfBubblingTest\EtoWpfBubblingTest.csproj", "{94DA3CCC-222F-48A7-91FD-4F7CE1945D92}"
EndProject
Project("{FAE04EC0-301F-11D3-BF4B-00C04F79EFBC}") = "EtoWpfBubblingTest.Wpf", "EtoWpfBubblingTest.Wpf\EtoWpfBubblingTest.Wpf.csproj", "{76384F0E-F56F-4DDB-BB09-08EABA439F24}"
EndProject
Global
	GlobalSection(SolutionConfigurationPlatforms) = preSolution
		Debug|Any CPU = Debug|Any CPU
		Release|Any CPU = Release|Any CPU
	EndGlobalSection
	GlobalSection(ProjectConfigurationPlatforms) = postSolution
		{76384F0E-F56F-4DDB-BB09-08EABA439F24}.Debug|Any CPU.ActiveCfg = Debug|Any CPU
		{76384F0E-F56F-4DDB-BB09-08EABA439F24}.Debug|Any CPU.Build.0 = Debug|Any CPU
		{76384F0E-F56F-4DDB-BB09-08EABA439F24}.Release|Any CPU.ActiveCfg = Release|Any CPU
		{76384F0E-F56F-4DDB-BB09-08EABA439F24}.Release|Any CPU.Build.0 = Release|Any CPU
		{94DA3CCC-222F-48A7-91FD-4F7CE1945D92}.Debug|Any CPU.ActiveCfg = Debug|Any CPU
		{94DA3CCC-222F-48A7-91FD-4F7CE1945D92}.Debug|Any CPU.Build.0 = Debug|Any CPU
		{94DA3CCC-222F-48A7-91FD-4F7CE1945D92}.Release|Any CPU.ActiveCfg = Release|Any CPU
		{94DA3CCC-222F-48A7-91FD-4F7CE1945D92}.Release|Any CPU.Build.0 = Release|Any CPU
		{E894D574-A6CA-49DA-8AB6-7DF9F2FD99E9}.Debug|Any CPU.ActiveCfg = Debug|Any CPU
		{E894D574-A6CA-49DA-8AB6-7DF9F2FD99E9}.Debug|Any CPU.Build.0 = Debug|Any CPU
		{E894D574-A6CA-49DA-8AB6-7DF9F2FD99E9}.Release|Any CPU.ActiveCfg = Release|Any CPU
		{E894D574-A6CA-49DA-8AB6-7DF9F2FD99E9}.Release|Any CPU.Build.0 = Release|Any CPU
	EndGlobalSection
	GlobalSection(SolutionProperties) = preSolution
		HideSolutionNode = FALSE
	EndGlobalSection
EndGlobal
